
Microsoft Visual Studio Solution File, Format Version 12.00
# Visual Studio Version 16
VisualStudioVersion = 16.0.29613.14
MinimumVisualStudioVersion = 10.0.40219.1
Project("{9A19103F-16F7-4668-BE54-9A1E7A4F7556}") = "Tests", "Tests\Tests.csproj", "{E1F3AD6C-8BB9-453C-977E-1DF32C350B13}"
EndProject
Project("{FAE04EC0-301F-11D3-BF4B-00C04F79EFBC}") = "ConsoleView", "ConsoleView\ConsoleView.csproj", "{2B1ECE87-15B8-47BF-BF6D-C636890BC0DD}"
EndProject
Project("{FAE04EC0-301F-11D3-BF4B-00C04F79EFBC}") = "Controller", "Controller\Controller.csproj", "{1ADE2FCB-ACD0-47E6-ADAD-29885F1754CD}"
EndProject
Project("{FAE04EC0-301F-11D3-BF4B-00C04F79EFBC}") = "Business", "Business\Business.csproj", "{39E7442F-9670-4DEC-B3C8-D5EB8905789C}"
EndProject
Global
	GlobalSection(SolutionConfigurationPlatforms) = preSolution
		Debug|Any CPU = Debug|Any CPU
		Release|Any CPU = Release|Any CPU
	EndGlobalSection
	GlobalSection(ProjectConfigurationPlatforms) = postSolution
		{E1F3AD6C-8BB9-453C-977E-1DF32C350B13}.Debug|Any CPU.ActiveCfg = Debug|Any CPU
		{E1F3AD6C-8BB9-453C-977E-1DF32C350B13}.Debug|Any CPU.Build.0 = Debug|Any CPU
		{E1F3AD6C-8BB9-453C-977E-1DF32C350B13}.Release|Any CPU.ActiveCfg = Release|Any CPU
		{E1F3AD6C-8BB9-453C-977E-1DF32C350B13}.Release|Any CPU.Build.0 = Release|Any CPU
		{2B1ECE87-15B8-47BF-BF6D-C636890BC0DD}.Debug|Any CPU.ActiveCfg = Debug|Any CPU
		{2B1ECE87-15B8-47BF-BF6D-C636890BC0DD}.Debug|Any CPU.Build.0 = Debug|Any CPU
		{2B1ECE87-15B8-47BF-BF6D-C636890BC0DD}.Release|Any CPU.ActiveCfg = Release|Any CPU
		{2B1ECE87-15B8-47BF-BF6D-C636890BC0DD}.Release|Any CPU.Build.0 = Release|Any CPU
		{1ADE2FCB-ACD0-47E6-ADAD-29885F1754CD}.Debug|Any CPU.ActiveCfg = Debug|Any CPU
		{1ADE2FCB-ACD0-47E6-ADAD-29885F1754CD}.Debug|Any CPU.Build.0 = Debug|Any CPU
		{1ADE2FCB-ACD0-47E6-ADAD-29885F1754CD}.Release|Any CPU.ActiveCfg = Release|Any CPU
		{1ADE2FCB-ACD0-47E6-ADAD-29885F1754CD}.Release|Any CPU.Build.0 = Release|Any CPU
		{39E7442F-9670-4DEC-B3C8-D5EB8905789C}.Debug|Any CPU.ActiveCfg = Debug|Any CPU
		{39E7442F-9670-4DEC-B3C8-D5EB8905789C}.Debug|Any CPU.Build.0 = Debug|Any CPU
		{39E7442F-9670-4DEC-B3C8-D5EB8905789C}.Release|Any CPU.ActiveCfg = Release|Any CPU
		{39E7442F-9670-4DEC-B3C8-D5EB8905789C}.Release|Any CPU.Build.0 = Release|Any CPU
	EndGlobalSection
	GlobalSection(SolutionProperties) = preSolution
		HideSolutionNode = FALSE
	EndGlobalSection
	GlobalSection(ExtensibilityGlobals) = postSolution
		SolutionGuid = {0F5ED4E0-54E4-4344-9335-D2E808EF0B5B}
	EndGlobalSection
EndGlobal
